// !$*UTF8*$!
{
	archiveVersion = 1;
	classes = {
	};
	objectVersion = 55;
	objects = {

/* Begin PBXBuildFile section */
		A54BE6132929454300BAF3A0 /* AppDelegate.swift in Sources */ = {isa = PBXBuildFile; fileRef = A54BE6122929454300BAF3A0 /* AppDelegate.swift */; };
		A54BE6152929454300BAF3A0 /* SceneDelegate.swift in Sources */ = {isa = PBXBuildFile; fileRef = A54BE6142929454300BAF3A0 /* SceneDelegate.swift */; };
		A54BE6172929454300BAF3A0 /* ViewController.swift in Sources */ = {isa = PBXBuildFile; fileRef = A54BE6162929454300BAF3A0 /* ViewController.swift */; };
		A54BE61A2929454300BAF3A0 /* Main.storyboard in Resources */ = {isa = PBXBuildFile; fileRef = A54BE6182929454300BAF3A0 /* Main.storyboard */; };
		A54BE61D2929454300BAF3A0 /* LuluLemon.xcdatamodeld in Sources */ = {isa = PBXBuildFile; fileRef = A54BE61B2929454300BAF3A0 /* LuluLemon.xcdatamodeld */; };
		A54BE61F2929454D00BAF3A0 /* Assets.xcassets in Resources */ = {isa = PBXBuildFile; fileRef = A54BE61E2929454D00BAF3A0 /* Assets.xcassets */; };
		A54BE6222929454D00BAF3A0 /* LaunchScreen.storyboard in Resources */ = {isa = PBXBuildFile; fileRef = A54BE6202929454D00BAF3A0 /* LaunchScreen.storyboard */; };
		A54BE62D2929454D00BAF3A0 /* LuluLemonTests.swift in Sources */ = {isa = PBXBuildFile; fileRef = A54BE62C2929454D00BAF3A0 /* LuluLemonTests.swift */; };
		A54BE6372929454D00BAF3A0 /* LuluLemonUITests.swift in Sources */ = {isa = PBXBuildFile; fileRef = A54BE6362929454D00BAF3A0 /* LuluLemonUITests.swift */; };
		A54BE6392929454D00BAF3A0 /* LuluLemonUITestsLaunchTests.swift in Sources */ = {isa = PBXBuildFile; fileRef = A54BE6382929454D00BAF3A0 /* LuluLemonUITestsLaunchTests.swift */; };
/* End PBXBuildFile section */

/* Begin PBXContainerItemProxy section */
		A54BE6292929454D00BAF3A0 /* PBXContainerItemProxy */ = {
			isa = PBXContainerItemProxy;
			containerPortal = A54BE6072929454300BAF3A0 /* Project object */;
			proxyType = 1;
			remoteGlobalIDString = A54BE60E2929454300BAF3A0;
			remoteInfo = LuluLemon;
		};
		A54BE6332929454D00BAF3A0 /* PBXContainerItemProxy */ = {
			isa = PBXContainerItemProxy;
			containerPortal = A54BE6072929454300BAF3A0 /* Project object */;
			proxyType = 1;
			remoteGlobalIDString = A54BE60E2929454300BAF3A0;
			remoteInfo = LuluLemon;
		};
/* End PBXContainerItemProxy section */

/* Begin PBXFileReference section */
		A54BE60F2929454300BAF3A0 /* LuluLemon.app */ = {isa = PBXFileReference; explicitFileType = wrapper.application; includeInIndex = 0; path = LuluLemon.app; sourceTree = BUILT_PRODUCTS_DIR; };
		A54BE6122929454300BAF3A0 /* AppDelegate.swift */ = {isa = PBXFileReference; lastKnownFileType = sourcecode.swift; path = AppDelegate.swift; sourceTree = "<group>"; };
		A54BE6142929454300BAF3A0 /* SceneDelegate.swift */ = {isa = PBXFileReference; lastKnownFileType = sourcecode.swift; path = SceneDelegate.swift; sourceTree = "<group>"; };
		A54BE6162929454300BAF3A0 /* ViewController.swift */ = {isa = PBXFileReference; lastKnownFileType = sourcecode.swift; path = ViewController.swift; sourceTree = "<group>"; };
		A54BE6192929454300BAF3A0 /* Base */ = {isa = PBXFileReference; lastKnownFileType = file.storyboard; name = Base; path = Base.lproj/Main.storyboard; sourceTree = "<group>"; };
		A54BE61C2929454300BAF3A0 /* LuluLemon.xcdatamodel */ = {isa = PBXFileReference; lastKnownFileType = wrapper.xcdatamodel; path = LuluLemon.xcdatamodel; sourceTree = "<group>"; };
		A54BE61E2929454D00BAF3A0 /* Assets.xcassets */ = {isa = PBXFileReference; lastKnownFileType = folder.assetcatalog; path = Assets.xcassets; sourceTree = "<group>"; };
		A54BE6212929454D00BAF3A0 /* Base */ = {isa = PBXFileReference; lastKnownFileType = file.storyboard; name = Base; path = Base.lproj/LaunchScreen.storyboard; sourceTree = "<group>"; };
		A54BE6232929454D00BAF3A0 /* Info.plist */ = {isa = PBXFileReference; lastKnownFileType = text.plist.xml; path = Info.plist; sourceTree = "<group>"; };
		A54BE6282929454D00BAF3A0 /* LuluLemonTests.xctest */ = {isa = PBXFileReference; explicitFileType = wrapper.cfbundle; includeInIndex = 0; path = LuluLemonTests.xctest; sourceTree = BUILT_PRODUCTS_DIR; };
		A54BE62C2929454D00BAF3A0 /* LuluLemonTests.swift */ = {isa = PBXFileReference; lastKnownFileType = sourcecode.swift; path = LuluLemonTests.swift; sourceTree = "<group>"; };
		A54BE6322929454D00BAF3A0 /* LuluLemonUITests.xctest */ = {isa = PBXFileReference; explicitFileType = wrapper.cfbundle; includeInIndex = 0; path = LuluLemonUITests.xctest; sourceTree = BUILT_PRODUCTS_DIR; };
		A54BE6362929454D00BAF3A0 /* LuluLemonUITests.swift */ = {isa = PBXFileReference; lastKnownFileType = sourcecode.swift; path = LuluLemonUITests.swift; sourceTree = "<group>"; };
		A54BE6382929454D00BAF3A0 /* LuluLemonUITestsLaunchTests.swift */ = {isa = PBXFileReference; lastKnownFileType = sourcecode.swift; path = LuluLemonUITestsLaunchTests.swift; sourceTree = "<group>"; };
/* End PBXFileReference section */

/* Begin PBXFrameworksBuildPhase section */
		A54BE60C2929454300BAF3A0 /* Frameworks */ = {
			isa = PBXFrameworksBuildPhase;
			buildActionMask = 2147483647;
			files = (
			);
			runOnlyForDeploymentPostprocessing = 0;
		};
		A54BE6252929454D00BAF3A0 /* Frameworks */ = {
			isa = PBXFrameworksBuildPhase;
			buildActionMask = 2147483647;
			files = (
			);
			runOnlyForDeploymentPostprocessing = 0;
		};
		A54BE62F2929454D00BAF3A0 /* Frameworks */ = {
			isa = PBXFrameworksBuildPhase;
			buildActionMask = 2147483647;
			files = (
			);
			runOnlyForDeploymentPostprocessing = 0;
		};
/* End PBXFrameworksBuildPhase section */

/* Begin PBXGroup section */
		A54BE6062929454300BAF3A0 = {
			isa = PBXGroup;
			children = (
				A54BE6112929454300BAF3A0 /* LuluLemon */,
				A54BE62B2929454D00BAF3A0 /* LuluLemonTests */,
				A54BE6352929454D00BAF3A0 /* LuluLemonUITests */,
				A54BE6102929454300BAF3A0 /* Products */,
			);
			sourceTree = "<group>";
		};
		A54BE6102929454300BAF3A0 /* Products */ = {
			isa = PBXGroup;
			children = (
				A54BE60F2929454300BAF3A0 /* LuluLemon.app */,
				A54BE6282929454D00BAF3A0 /* LuluLemonTests.xctest */,
				A54BE6322929454D00BAF3A0 /* LuluLemonUITests.xctest */,
			);
			name = Products;
			sourceTree = "<group>";
		};
		A54BE6112929454300BAF3A0 /* LuluLemon */ = {
			isa = PBXGroup;
			children = (
				A54BE6122929454300BAF3A0 /* AppDelegate.swift */,
				A54BE6142929454300BAF3A0 /* SceneDelegate.swift */,
				A54BE6162929454300BAF3A0 /* ViewController.swift */,
				A54BE6182929454300BAF3A0 /* Main.storyboard */,
				A54BE61E2929454D00BAF3A0 /* Assets.xcassets */,
				A54BE6202929454D00BAF3A0 /* LaunchScreen.storyboard */,
				A54BE6232929454D00BAF3A0 /* Info.plist */,
				A54BE61B2929454300BAF3A0 /* LuluLemon.xcdatamodeld */,
			);
			path = LuluLemon;
			sourceTree = "<group>";
		};
		A54BE62B2929454D00BAF3A0 /* LuluLemonTests */ = {
			isa = PBXGroup;
			children = (
				A54BE62C2929454D00BAF3A0 /* LuluLemonTests.swift */,
			);
			path = LuluLemonTests;
			sourceTree = "<group>";
		};
		A54BE6352929454D00BAF3A0 /* LuluLemonUITests */ = {
			isa = PBXGroup;
			children = (
				A54BE6362929454D00BAF3A0 /* LuluLemonUITests.swift */,
				A54BE6382929454D00BAF3A0 /* LuluLemonUITestsLaunchTests.swift */,
			);
			path = LuluLemonUITests;
			sourceTree = "<group>";
		};
/* End PBXGroup section */

/* Begin PBXNativeTarget section */
		A54BE60E2929454300BAF3A0 /* LuluLemon */ = {
			isa = PBXNativeTarget;
			buildConfigurationList = A54BE63C2929454D00BAF3A0 /* Build configuration list for PBXNativeTarget "LuluLemon" */;
			buildPhases = (
				A54BE60B2929454300BAF3A0 /* Sources */,
				A54BE60C2929454300BAF3A0 /* Frameworks */,
				A54BE60D2929454300BAF3A0 /* Resources */,
			);
			buildRules = (
			);
			dependencies = (
			);
			name = LuluLemon;
			productName = LuluLemon;
			productReference = A54BE60F2929454300BAF3A0 /* LuluLemon.app */;
			productType = "com.apple.product-type.application";
		};
		A54BE6272929454D00BAF3A0 /* LuluLemonTests */ = {
			isa = PBXNativeTarget;
			buildConfigurationList = A54BE63F2929454D00BAF3A0 /* Build configuration list for PBXNativeTarget "LuluLemonTests" */;
			buildPhases = (
				A54BE6242929454D00BAF3A0 /* Sources */,
				A54BE6252929454D00BAF3A0 /* Frameworks */,
				A54BE6262929454D00BAF3A0 /* Resources */,
			);
			buildRules = (
			);
			dependencies = (
				A54BE62A2929454D00BAF3A0 /* PBXTargetDependency */,
			);
			name = LuluLemonTests;
			productName = LuluLemonTests;
			productReference = A54BE6282929454D00BAF3A0 /* LuluLemonTests.xctest */;
			productType = "com.apple.product-type.bundle.unit-test";
		};
		A54BE6312929454D00BAF3A0 /* LuluLemonUITests */ = {
			isa = PBXNativeTarget;
			buildConfigurationList = A54BE6422929454D00BAF3A0 /* Build configuration list for PBXNativeTarget "LuluLemonUITests" */;
			buildPhases = (
				A54BE62E2929454D00BAF3A0 /* Sources */,
				A54BE62F2929454D00BAF3A0 /* Frameworks */,
				A54BE6302929454D00BAF3A0 /* Resources */,
			);
			buildRules = (
			);
			dependencies = (
				A54BE6342929454D00BAF3A0 /* PBXTargetDependency */,
			);
			name = LuluLemonUITests;
			productName = LuluLemonUITests;
			productReference = A54BE6322929454D00BAF3A0 /* LuluLemonUITests.xctest */;
			productType = "com.apple.product-type.bundle.ui-testing";
		};
/* End PBXNativeTarget section */

/* Begin PBXProject section */
		A54BE6072929454300BAF3A0 /* Project object */ = {
			isa = PBXProject;
			attributes = {
				BuildIndependentTargetsInParallel = 1;
				LastSwiftUpdateCheck = 1340;
				LastUpgradeCheck = 1340;
				TargetAttributes = {
					A54BE60E2929454300BAF3A0 = {
						CreatedOnToolsVersion = 13.4.1;
					};
					A54BE6272929454D00BAF3A0 = {
						CreatedOnToolsVersion = 13.4.1;
						TestTargetID = A54BE60E2929454300BAF3A0;
					};
					A54BE6312929454D00BAF3A0 = {
						CreatedOnToolsVersion = 13.4.1;
						TestTargetID = A54BE60E2929454300BAF3A0;
					};
				};
			};
			buildConfigurationList = A54BE60A2929454300BAF3A0 /* Build configuration list for PBXProject "LuluLemon" */;
			compatibilityVersion = "Xcode 13.0";
			developmentRegion = en;
			hasScannedForEncodings = 0;
			knownRegions = (
				en,
				Base,
			);
			mainGroup = A54BE6062929454300BAF3A0;
			productRefGroup = A54BE6102929454300BAF3A0 /* Products */;
			projectDirPath = "";
			projectRoot = "";
			targets = (
				A54BE60E2929454300BAF3A0 /* LuluLemon */,
				A54BE6272929454D00BAF3A0 /* LuluLemonTests */,
				A54BE6312929454D00BAF3A0 /* LuluLemonUITests */,
			);
		};
/* End PBXProject section */

/* Begin PBXResourcesBuildPhase section */
		A54BE60D2929454300BAF3A0 /* Resources */ = {
			isa = PBXResourcesBuildPhase;
			buildActionMask = 2147483647;
			files = (
				A54BE6222929454D00BAF3A0 /* LaunchScreen.storyboard in Resources */,
				A54BE61F2929454D00BAF3A0 /* Assets.xcassets in Resources */,
				A54BE61A2929454300BAF3A0 /* Main.storyboard in Resources */,
			);
			runOnlyForDeploymentPostprocessing = 0;
		};
		A54BE6262929454D00BAF3A0 /* Resources */ = {
			isa = PBXResourcesBuildPhase;
			buildActionMask = 2147483647;
			files = (
			);
			runOnlyForDeploymentPostprocessing = 0;
		};
		A54BE6302929454D00BAF3A0 /* Resources */ = {
			isa = PBXResourcesBuildPhase;
			buildActionMask = 2147483647;
			files = (
			);
			runOnlyForDeploymentPostprocessing = 0;
		};
/* End PBXResourcesBuildPhase section */

/* Begin PBXSourcesBuildPhase section */
		A54BE60B2929454300BAF3A0 /* Sources */ = {
			isa = PBXSourcesBuildPhase;
			buildActionMask = 2147483647;
			files = (
				A54BE6172929454300BAF3A0 /* ViewController.swift in Sources */,
				A54BE6132929454300BAF3A0 /* AppDelegate.swift in Sources */,
				A54BE6152929454300BAF3A0 /* SceneDelegate.swift in Sources */,
				A54BE61D2929454300BAF3A0 /* LuluLemon.xcdatamodeld in Sources */,
			);
			runOnlyForDeploymentPostprocessing = 0;
		};
		A54BE6242929454D00BAF3A0 /* Sources */ = {
			isa = PBXSourcesBuildPhase;
			buildActionMask = 2147483647;
			files = (
				A54BE62D2929454D00BAF3A0 /* LuluLemonTests.swift in Sources */,
			);
			runOnlyForDeploymentPostprocessing = 0;
		};
		A54BE62E2929454D00BAF3A0 /* Sources */ = {
			isa = PBXSourcesBuildPhase;
			buildActionMask = 2147483647;
			files = (
				A54BE6392929454D00BAF3A0 /* LuluLemonUITestsLaunchTests.swift in Sources */,
				A54BE6372929454D00BAF3A0 /* LuluLemonUITests.swift in Sources */,
			);
			runOnlyForDeploymentPostprocessing = 0;
		};
/* End PBXSourcesBuildPhase section */

/* Begin PBXTargetDependency section */
		A54BE62A2929454D00BAF3A0 /* PBXTargetDependency */ = {
			isa = PBXTargetDependency;
			target = A54BE60E2929454300BAF3A0 /* LuluLemon */;
			targetProxy = A54BE6292929454D00BAF3A0 /* PBXContainerItemProxy */;
		};
		A54BE6342929454D00BAF3A0 /* PBXTargetDependency */ = {
			isa = PBXTargetDependency;
			target = A54BE60E2929454300BAF3A0 /* LuluLemon */;
			targetProxy = A54BE6332929454D00BAF3A0 /* PBXContainerItemProxy */;
		};
/* End PBXTargetDependency section */

/* Begin PBXVariantGroup section */
		A54BE6182929454300BAF3A0 /* Main.storyboard */ = {
			isa = PBXVariantGroup;
			children = (
				A54BE6192929454300BAF3A0 /* Base */,
			);
			name = Main.storyboard;
			sourceTree = "<group>";
		};
		A54BE6202929454D00BAF3A0 /* LaunchScreen.storyboard */ = {
			isa = PBXVariantGroup;
			children = (
				A54BE6212929454D00BAF3A0 /* Base */,
			);
			name = LaunchScreen.storyboard;
			sourceTree = "<group>";
		};
/* End PBXVariantGroup section */

/* Begin XCBuildConfiguration section */
		A54BE63A2929454D00BAF3A0 /* Debug */ = {
			isa = XCBuildConfiguration;
			buildSettings = {
				ALWAYS_SEARCH_USER_PATHS = NO;
				CLANG_ANALYZER_NONNULL = YES;
				CLANG_ANALYZER_NUMBER_OBJECT_CONVERSION = YES_AGGRESSIVE;
				CLANG_CXX_LANGUAGE_STANDARD = "gnu++17";
				CLANG_ENABLE_MODULES = YES;
				CLANG_ENABLE_OBJC_ARC = YES;
				CLANG_ENABLE_OBJC_WEAK = YES;
				CLANG_WARN_BLOCK_CAPTURE_AUTORELEASING = YES;
				CLANG_WARN_BOOL_CONVERSION = YES;
				CLANG_WARN_COMMA = YES;
				CLANG_WARN_CONSTANT_CONVERSION = YES;
				CLANG_WARN_DEPRECATED_OBJC_IMPLEMENTATIONS = YES;
				CLANG_WARN_DIRECT_OBJC_ISA_USAGE = YES_ERROR;
				CLANG_WARN_DOCUMENTATION_COMMENTS = YES;
				CLANG_WARN_EMPTY_BODY = YES;
				CLANG_WARN_ENUM_CONVERSION = YES;
				CLANG_WARN_INFINITE_RECURSION = YES;
				CLANG_WARN_INT_CONVERSION = YES;
				CLANG_WARN_NON_LITERAL_NULL_CONVERSION = YES;
				CLANG_WARN_OBJC_IMPLICIT_RETAIN_SELF = YES;
				CLANG_WARN_OBJC_LITERAL_CONVERSION = YES;
				CLANG_WARN_OBJC_ROOT_CLASS = YES_ERROR;
				CLANG_WARN_QUOTED_INCLUDE_IN_FRAMEWORK_HEADER = YES;
				CLANG_WARN_RANGE_LOOP_ANALYSIS = YES;
				CLANG_WARN_STRICT_PROTOTYPES = YES;
				CLANG_WARN_SUSPICIOUS_MOVE = YES;
				CLANG_WARN_UNGUARDED_AVAILABILITY = YES_AGGRESSIVE;
				CLANG_WARN_UNREACHABLE_CODE = YES;
				CLANG_WARN__DUPLICATE_METHOD_MATCH = YES;
				COPY_PHASE_STRIP = NO;
				DEBUG_INFORMATION_FORMAT = dwarf;
				ENABLE_STRICT_OBJC_MSGSEND = YES;
				ENABLE_TESTABILITY = YES;
				GCC_C_LANGUAGE_STANDARD = gnu11;
				GCC_DYNAMIC_NO_PIC = NO;
				GCC_NO_COMMON_BLOCKS = YES;
				GCC_OPTIMIZATION_LEVEL = 0;
				GCC_PREPROCESSOR_DEFINITIONS = (
					"DEBUG=1",
					"$(inherited)",
				);
				GCC_WARN_64_TO_32_BIT_CONVERSION = YES;
				GCC_WARN_ABOUT_RETURN_TYPE = YES_ERROR;
				GCC_WARN_UNDECLARED_SELECTOR = YES;
				GCC_WARN_UNINITIALIZED_AUTOS = YES_AGGRESSIVE;
				GCC_WARN_UNUSED_FUNCTION = YES;
				GCC_WARN_UNUSED_VARIABLE = YES;
				IPHONEOS_DEPLOYMENT_TARGET = 15.5;
				MTL_ENABLE_DEBUG_INFO = INCLUDE_SOURCE;
				MTL_FAST_MATH = YES;
				ONLY_ACTIVE_ARCH = YES;
				SDKROOT = iphoneos;
				SWIFT_ACTIVE_COMPILATION_CONDITIONS = DEBUG;
				SWIFT_OPTIMIZATION_LEVEL = "-Onone";
			};
			name = Debug;
		};
		A54BE63B2929454D00BAF3A0 /* Release */ = {
			isa = XCBuildConfiguration;
			buildSettings = {
				ALWAYS_SEARCH_USER_PATHS = NO;
				CLANG_ANALYZER_NONNULL = YES;
				CLANG_ANALYZER_NUMBER_OBJECT_CONVERSION = YES_AGGRESSIVE;
				CLANG_CXX_LANGUAGE_STANDARD = "gnu++17";
				CLANG_ENABLE_MODULES = YES;
				CLANG_ENABLE_OBJC_ARC = YES;
				CLANG_ENABLE_OBJC_WEAK = YES;
				CLANG_WARN_BLOCK_CAPTURE_AUTORELEASING = YES;
				CLANG_WARN_BOOL_CONVERSION = YES;
				CLANG_WARN_COMMA = YES;
				CLANG_WARN_CONSTANT_CONVERSION = YES;
				CLANG_WARN_DEPRECATED_OBJC_IMPLEMENTATIONS = YES;
				CLANG_WARN_DIRECT_OBJC_ISA_USAGE = YES_ERROR;
				CLANG_WARN_DOCUMENTATION_COMMENTS = YES;
				CLANG_WARN_EMPTY_BODY = YES;
				CLANG_WARN_ENUM_CONVERSION = YES;
				CLANG_WARN_INFINITE_RECURSION = YES;
				CLANG_WARN_INT_CONVERSION = YES;
				CLANG_WARN_NON_LITERAL_NULL_CONVERSION = YES;
				CLANG_WARN_OBJC_IMPLICIT_RETAIN_SELF = YES;
				CLANG_WARN_OBJC_LITERAL_CONVERSION = YES;
				CLANG_WARN_OBJC_ROOT_CLASS = YES_ERROR;
				CLANG_WARN_QUOTED_INCLUDE_IN_FRAMEWORK_HEADER = YES;
				CLANG_WARN_RANGE_LOOP_ANALYSIS = YES;
				CLANG_WARN_STRICT_PROTOTYPES = YES;
				CLANG_WARN_SUSPICIOUS_MOVE = YES;
				CLANG_WARN_UNGUARDED_AVAILABILITY = YES_AGGRESSIVE;
				CLANG_WARN_UNREACHABLE_CODE = YES;
				CLANG_WARN__DUPLICATE_METHOD_MATCH = YES;
				COPY_PHASE_STRIP = NO;
				DEBUG_INFORMATION_FORMAT = "dwarf-with-dsym";
				ENABLE_NS_ASSERTIONS = NO;
				ENABLE_STRICT_OBJC_MSGSEND = YES;
				GCC_C_LANGUAGE_STANDARD = gnu11;
				GCC_NO_COMMON_BLOCKS = YES;
				GCC_WARN_64_TO_32_BIT_CONVERSION = YES;
				GCC_WARN_ABOUT_RETURN_TYPE = YES_ERROR;
				GCC_WARN_UNDECLARED_SELECTOR = YES;
				GCC_WARN_UNINITIALIZED_AUTOS = YES_AGGRESSIVE;
				GCC_WARN_UNUSED_FUNCTION = YES;
				GCC_WARN_UNUSED_VARIABLE = YES;
				IPHONEOS_DEPLOYMENT_TARGET = 15.5;
				MTL_ENABLE_DEBUG_INFO = NO;
				MTL_FAST_MATH = YES;
				SDKROOT = iphoneos;
				SWIFT_COMPILATION_MODE = wholemodule;
				SWIFT_OPTIMIZATION_LEVEL = "-O";
				VALIDATE_PRODUCT = YES;
			};
			name = Release;
		};
		A54BE63D2929454D00BAF3A0 /* Debug */ = {
			isa = XCBuildConfiguration;
			buildSettings = {
				ASSETCATALOG_COMPILER_APPICON_NAME = AppIcon;
				ASSETCATALOG_COMPILER_GLOBAL_ACCENT_COLOR_NAME = AccentColor;
				CODE_SIGN_STYLE = Automatic;
				CURRENT_PROJECT_VERSION = 1;
				DEVELOPMENT_TEAM = NM6C538Y8C;
				GENERATE_INFOPLIST_FILE = YES;
				INFOPLIST_FILE = LuluLemon/Info.plist;
				INFOPLIST_KEY_UIApplicationSupportsIndirectInputEvents = YES;
				INFOPLIST_KEY_UILaunchStoryboardName = LaunchScreen;
				INFOPLIST_KEY_UIMainStoryboardFile = Main;
				INFOPLIST_KEY_UISupportedInterfaceOrientations_iPad = "UIInterfaceOrientationPortrait UIInterfaceOrientationPortraitUpsideDown UIInterfaceOrientationLandscapeLeft UIInterfaceOrientationLandscapeRight";
				INFOPLIST_KEY_UISupportedInterfaceOrientations_iPhone = "UIInterfaceOrientationPortrait UIInterfaceOrientationLandscapeLeft UIInterfaceOrientationLandscapeRight";
				LD_RUNPATH_SEARCH_PATHS = (
					"$(inherited)",
					"@executable_path/Frameworks",
				);
				MARKETING_VERSION = 1.0;
				PRODUCT_BUNDLE_IDENTIFIER = com.collectivemindsinc.LuluLemon;
				PRODUCT_NAME = "$(TARGET_NAME)";
				SWIFT_EMIT_LOC_STRINGS = YES;
				SWIFT_VERSION = 5.0;
				TARGETED_DEVICE_FAMILY = "1,2";
			};
			name = Debug;
		};
		A54BE63E2929454D00BAF3A0 /* Release */ = {
			isa = XCBuildConfiguration;
			buildSettings = {
				ASSETCATALOG_COMPILER_APPICON_NAME = AppIcon;
				ASSETCATALOG_COMPILER_GLOBAL_ACCENT_COLOR_NAME = AccentColor;
				CODE_SIGN_STYLE = Automatic;
				CURRENT_PROJECT_VERSION = 1;
				DEVELOPMENT_TEAM = NM6C538Y8C;
				GENERATE_INFOPLIST_FILE = YES;
				INFOPLIST_FILE = LuluLemon/Info.plist;
				INFOPLIST_KEY_UIApplicationSupportsIndirectInputEvents = YES;
				INFOPLIST_KEY_UILaunchStoryboardName = LaunchScreen;
				INFOPLIST_KEY_UIMainStoryboardFile = Main;
				INFOPLIST_KEY_UISupportedInterfaceOrientations_iPad = "UIInterfaceOrientationPortrait UIInterfaceOrientationPortraitUpsideDown UIInterfaceOrientationLandscapeLeft UIInterfaceOrientationLandscapeRight";
				INFOPLIST_KEY_UISupportedInterfaceOrientations_iPhone = "UIInterfaceOrientationPortrait UIInterfaceOrientationLandscapeLeft UIInterfaceOrientationLandscapeRight";
				LD_RUNPATH_SEARCH_PATHS = (
					"$(inherited)",
					"@executable_path/Frameworks",
				);
				MARKETING_VERSION = 1.0;
				PRODUCT_BUNDLE_IDENTIFIER = com.collectivemindsinc.LuluLemon;
				PRODUCT_NAME = "$(TARGET_NAME)";
				SWIFT_EMIT_LOC_STRINGS = YES;
				SWIFT_VERSION = 5.0;
				TARGETED_DEVICE_FAMILY = "1,2";
			};
			name = Release;
		};
		A54BE6402929454D00BAF3A0 /* Debug */ = {
			isa = XCBuildConfiguration;
			buildSettings = {
				ALWAYS_EMBED_SWIFT_STANDARD_LIBRARIES = YES;
				BUNDLE_LOADER = "$(TEST_HOST)";
				CODE_SIGN_STYLE = Automatic;
				CURRENT_PROJECT_VERSION = 1;
				DEVELOPMENT_TEAM = NM6C538Y8C;
				GENERATE_INFOPLIST_FILE = YES;
				IPHONEOS_DEPLOYMENT_TARGET = 15.5;
				MARKETING_VERSION = 1.0;
				PRODUCT_BUNDLE_IDENTIFIER = com.collectivemindsinc.LuluLemonTests;
				PRODUCT_NAME = "$(TARGET_NAME)";
				SWIFT_EMIT_LOC_STRINGS = NO;
				SWIFT_VERSION = 5.0;
				TARGETED_DEVICE_FAMILY = "1,2";
				TEST_HOST = "$(BUILT_PRODUCTS_DIR)/LuluLemon.app/LuluLemon";
			};
			name = Debug;
		};
		A54BE6412929454D00BAF3A0 /* Release */ = {
			isa = XCBuildConfiguration;
			buildSettings = {
				ALWAYS_EMBED_SWIFT_STANDARD_LIBRARIES = YES;
				BUNDLE_LOADER = "$(TEST_HOST)";
				CODE_SIGN_STYLE = Automatic;
				CURRENT_PROJECT_VERSION = 1;
				DEVELOPMENT_TEAM = NM6C538Y8C;
				GENERATE_INFOPLIST_FILE = YES;
				IPHONEOS_DEPLOYMENT_TARGET = 15.5;
				MARKETING_VERSION = 1.0;
				PRODUCT_BUNDLE_IDENTIFIER = com.collectivemindsinc.LuluLemonTests;
				PRODUCT_NAME = "$(TARGET_NAME)";
				SWIFT_EMIT_LOC_STRINGS = NO;
				SWIFT_VERSION = 5.0;
				TARGETED_DEVICE_FAMILY = "1,2";
				TEST_HOST = "$(BUILT_PRODUCTS_DIR)/LuluLemon.app/LuluLemon";
			};
			name = Release;
		};
		A54BE6432929454D00BAF3A0 /* Debug */ = {
			isa = XCBuildConfiguration;
			buildSettings = {
				ALWAYS_EMBED_SWIFT_STANDARD_LIBRARIES = YES;
				CODE_SIGN_STYLE = Automatic;
				CURRENT_PROJECT_VERSION = 1;
				DEVELOPMENT_TEAM = NM6C538Y8C;
				GENERATE_INFOPLIST_FILE = YES;
				MARKETING_VERSION = 1.0;
				PRODUCT_BUNDLE_IDENTIFIER = com.collectivemindsinc.LuluLemonUITests;
				PRODUCT_NAME = "$(TARGET_NAME)";
				SWIFT_EMIT_LOC_STRINGS = NO;
				SWIFT_VERSION = 5.0;
				TARGETED_DEVICE_FAMILY = "1,2";
				TEST_TARGET_NAME = LuluLemon;
			};
			name = Debug;
		};
		A54BE6442929454D00BAF3A0 /* Release */ = {
			isa = XCBuildConfiguration;
			buildSettings = {
				ALWAYS_EMBED_SWIFT_STANDARD_LIBRARIES = YES;
				CODE_SIGN_STYLE = Automatic;
				CURRENT_PROJECT_VERSION = 1;
				DEVELOPMENT_TEAM = NM6C538Y8C;
				GENERATE_INFOPLIST_FILE = YES;
				MARKETING_VERSION = 1.0;
				PRODUCT_BUNDLE_IDENTIFIER = com.collectivemindsinc.LuluLemonUITests;
				PRODUCT_NAME = "$(TARGET_NAME)";
				SWIFT_EMIT_LOC_STRINGS = NO;
				SWIFT_VERSION = 5.0;
				TARGETED_DEVICE_FAMILY = "1,2";
				TEST_TARGET_NAME = LuluLemon;
			};
			name = Release;
		};
/* End XCBuildConfiguration section */

/* Begin XCConfigurationList section */
		A54BE60A2929454300BAF3A0 /* Build configuration list for PBXProject "LuluLemon" */ = {
			isa = XCConfigurationList;
			buildConfigurations = (
				A54BE63A2929454D00BAF3A0 /* Debug */,
				A54BE63B2929454D00BAF3A0 /* Release */,
			);
			defaultConfigurationIsVisible = 0;
			defaultConfigurationName = Release;
		};
		A54BE63C2929454D00BAF3A0 /* Build configuration list for PBXNativeTarget "LuluLemon" */ = {
			isa = XCConfigurationList;
			buildConfigurations = (
				A54BE63D2929454D00BAF3A0 /* Debug */,
				A54BE63E2929454D00BAF3A0 /* Release */,
			);
			defaultConfigurationIsVisible = 0;
			defaultConfigurationName = Release;
		};
		A54BE63F2929454D00BAF3A0 /* Build configuration list for PBXNativeTarget "LuluLemonTests" */ = {
			isa = XCConfigurationList;
			buildConfigurations = (
				A54BE6402929454D00BAF3A0 /* Debug */,
				A54BE6412929454D00BAF3A0 /* Release */,
			);
			defaultConfigurationIsVisible = 0;
			defaultConfigurationName = Release;
		};
		A54BE6422929454D00BAF3A0 /* Build configuration list for PBXNativeTarget "LuluLemonUITests" */ = {
			isa = XCConfigurationList;
			buildConfigurations = (
				A54BE6432929454D00BAF3A0 /* Debug */,
				A54BE6442929454D00BAF3A0 /* Release */,
			);
			defaultConfigurationIsVisible = 0;
			defaultConfigurationName = Release;
		};
/* End XCConfigurationList section */

/* Begin XCVersionGroup section */
		A54BE61B2929454300BAF3A0 /* LuluLemon.xcdatamodeld */ = {
			isa = XCVersionGroup;
			children = (
				A54BE61C2929454300BAF3A0 /* LuluLemon.xcdatamodel */,
			);
			currentVersion = A54BE61C2929454300BAF3A0 /* LuluLemon.xcdatamodel */;
			path = LuluLemon.xcdatamodeld;
			sourceTree = "<group>";
			versionGroupType = wrapper.xcdatamodel;
		};
/* End XCVersionGroup section */
	};
	rootObject = A54BE6072929454300BAF3A0 /* Project object */;
}
